
Microsoft Visual Studio Solution File, Format Version 12.00
# Visual Studio 15
VisualStudioVersion = 15.0.28307.572
MinimumVisualStudioVersion = 10.0.40219.1
Project("{FAE04EC0-301F-11D3-BF4B-00C04F79EFBC}") = "Task 3", "Task 3\Task 3.csproj", "{047A1024-465C-4F10-986F-B1333CED5485}"
EndProject
Global
	GlobalSection(SolutionConfigurationPlatforms) = preSolution
		Debug|Any CPU = Debug|Any CPU
		Release|Any CPU = Release|Any CPU
	EndGlobalSection
	GlobalSection(ProjectConfigurationPlatforms) = postSolution
		{047A1024-465C-4F10-986F-B1333CED5485}.Debug|Any CPU.ActiveCfg = Debug|Any CPU
		{047A1024-465C-4F10-986F-B1333CED5485}.Debug|Any CPU.Build.0 = Debug|Any CPU
		{047A1024-465C-4F10-986F-B1333CED5485}.Release|Any CPU.ActiveCfg = Release|Any CPU
		{047A1024-465C-4F10-986F-B1333CED5485}.Release|Any CPU.Build.0 = Release|Any CPU
	EndGlobalSection
	GlobalSection(SolutionProperties) = preSolution
		HideSolutionNode = FALSE
	EndGlobalSection
	GlobalSection(ExtensibilityGlobals) = postSolution
		SolutionGuid = {6DD3E6B6-06E5-42FA-B031-DC32BAC4F16D}
	EndGlobalSection
EndGlobal
